
Microsoft Visual Studio Solution File, Format Version 12.00
# Visual Studio Version 17
VisualStudioVersion = 17.0.31903.59
MinimumVisualStudioVersion = 10.0.40219.1
Project("{FAE04EC0-301F-11D3-BF4B-00C04F79EFBC}") = "FolderMorpher.Core", "FolderMorpher.Core\FolderMorpher.Core.csproj", "{BC12B43A-4698-401E-BC55-1CD7010E40BF}"
EndProject
Project("{FAE04EC0-301F-11D3-BF4B-00C04F79EFBC}") = "FolderMorpher", "FolderMorpher.csproj", "{4EC65989-54B7-4102-8567-D97E5D41C0A0}"
EndProject
Global
	GlobalSection(SolutionConfigurationPlatforms) = preSolution
		Debug|Any CPU = Debug|Any CPU
		Release|Any CPU = Release|Any CPU
	EndGlobalSection
	GlobalSection(SolutionProperties) = preSolution
		HideSolutionNode = FALSE
	EndGlobalSection
	GlobalSection(ProjectConfigurationPlatforms) = postSolution
		{BC12B43A-4698-401E-BC55-1CD7010E40BF}.Debug|Any CPU.ActiveCfg = Debug|Any CPU
		{BC12B43A-4698-401E-BC55-1CD7010E40BF}.Debug|Any CPU.Build.0 = Debug|Any CPU
		{BC12B43A-4698-401E-BC55-1CD7010E40BF}.Release|Any CPU.ActiveCfg = Release|Any CPU
		{BC12B43A-4698-401E-BC55-1CD7010E40BF}.Release|Any CPU.Build.0 = Release|Any CPU
		{4EC65989-54B7-4102-8567-D97E5D41C0A0}.Debug|Any CPU.ActiveCfg = Debug|Any CPU
		{4EC65989-54B7-4102-8567-D97E5D41C0A0}.Debug|Any CPU.Build.0 = Debug|Any CPU
		{4EC65989-54B7-4102-8567-D97E5D41C0A0}.Release|Any CPU.ActiveCfg = Release|Any CPU
		{4EC65989-54B7-4102-8567-D97E5D41C0A0}.Release|Any CPU.Build.0 = Release|Any CPU
	EndGlobalSection
EndGlobal
